
Microsoft Visual Studio Solution File, Format Version 12.00
# Visual Studio Version 17
VisualStudioVersion = 17.8.34330.188
MinimumVisualStudioVersion = 10.0.40219.1
Project("{888888A0-9F3D-457C-B088-3A5042F75D52}") = "CIS261_InvoiceLineItemCalculator", "CIS261_InvoiceLineItemCalculator.pyproj", "{C788BC67-C06A-42CD-A5C5-785D4E7E5EE3}"
EndProject
Global
	GlobalSection(SolutionConfigurationPlatforms) = preSolution
		Debug|Any CPU = Debug|Any CPU
		Release|Any CPU = Release|Any CPU
	EndGlobalSection
	GlobalSection(ProjectConfigurationPlatforms) = postSolution
		{C788BC67-C06A-42CD-A5C5-785D4E7E5EE3}.Debug|Any CPU.ActiveCfg = Debug|Any CPU
		{C788BC67-C06A-42CD-A5C5-785D4E7E5EE3}.Release|Any CPU.ActiveCfg = Release|Any CPU
	EndGlobalSection
	GlobalSection(SolutionProperties) = preSolution
		HideSolutionNode = FALSE
	EndGlobalSection
	GlobalSection(ExtensibilityGlobals) = postSolution
		SolutionGuid = {0AEB0EEA-5607-499B-AE8B-CA2C36265443}
	EndGlobalSection
EndGlobal
